// !$*UTF8*$!
{
	archiveVersion = 1;
	classes = {
	};
	objectVersion = 50;
	objects = {

/* Begin PBXBuildFile section */
		09A584BF8A44427787F80FD5 /* libPods-PictureBookUITests.a in Frameworks */ = {isa = PBXBuildFile; fileRef = AF4F451037241D8BD7735D3D /* libPods-PictureBookUITests.a */; };
		570EFA477FBC2CE0A987C567 /* libPods-PictureBookTests.a in Frameworks */ = {isa = PBXBuildFile; fileRef = CF9D49CB79CAB325DC329E81 /* libPods-PictureBookTests.a */; };
		CDB20C6607EDC0BAE595C819 /* libPods-PictureBook.a in Frameworks */ = {isa = PBXBuildFile; fileRef = 21D5AFCECF551082C5B37160 /* libPods-PictureBook.a */; };
		DE1D1DF4208D772D00739915 /* HomeViewController.m in Sources */ = {isa = PBXBuildFile; fileRef = DE1D1DF3208D772D00739915 /* HomeViewController.m */; };
		DE1D1DF7208D7FD400739915 /* MyFlowLayout.m in Sources */ = {isa = PBXBuildFile; fileRef = DE1D1DF6208D7FD400739915 /* MyFlowLayout.m */; };
		DE1D1DFA208D8AF500739915 /* MyCoViewController.m in Sources */ = {isa = PBXBuildFile; fileRef = DE1D1DF9208D8AF500739915 /* MyCoViewController.m */; };
		DE1D1DFD208D8E7100739915 /* MyCoViewCell.m in Sources */ = {isa = PBXBuildFile; fileRef = DE1D1DFC208D8E7100739915 /* MyCoViewCell.m */; };
		DE2616152089DB4F00B95CEE /* PictureBook.m in Sources */ = {isa = PBXBuildFile; fileRef = DE2616142089DB4F00B95CEE /* PictureBook.m */; };
		DE2616182089E18900B95CEE /* PictureBook.mobileprovision in Resources */ = {isa = PBXBuildFile; fileRef = DE2616162089E18900B95CEE /* PictureBook.mobileprovision */; };
		DE2616192089E18900B95CEE /* GoogleService-Info.plist in Resources */ = {isa = PBXBuildFile; fileRef = DE2616172089E18900B95CEE /* GoogleService-Info.plist */; };
		DE2ECB0D2085F8C7009C4B36 /* AppDelegate.m in Sources */ = {isa = PBXBuildFile; fileRef = DE2ECB0C2085F8C7009C4B36 /* AppDelegate.m */; };
		DE2ECB152085F8C8009C4B36 /* Assets.xcassets in Resources */ = {isa = PBXBuildFile; fileRef = DE2ECB142085F8C8009C4B36 /* Assets.xcassets */; };
		DE2ECB182085F8C8009C4B36 /* LaunchScreen.storyboard in Resources */ = {isa = PBXBuildFile; fileRef = DE2ECB162085F8C8009C4B36 /* LaunchScreen.storyboard */; };
		DE2ECB1B2085F8C8009C4B36 /* main.m in Sources */ = {isa = PBXBuildFile; fileRef = DE2ECB1A2085F8C8009C4B36 /* main.m */; };
		DE2ECB252085F8C8009C4B36 /* PictureBookTests.m in Sources */ = {isa = PBXBuildFile; fileRef = DE2ECB242085F8C8009C4B36 /* PictureBookTests.m */; };
		DE2ECB302085F8C8009C4B36 /* PictureBookUITests.m in Sources */ = {isa = PBXBuildFile; fileRef = DE2ECB2F2085F8C8009C4B36 /* PictureBookUITests.m */; };
		DE8831352090159E0001972B /* UIImage+CellImage.m in Sources */ = {isa = PBXBuildFile; fileRef = DE8831342090159E0001972B /* UIImage+CellImage.m */; };
		DE88313E2090291A0001972B /* testViewController.m in Sources */ = {isa = PBXBuildFile; fileRef = DE88313C2090291A0001972B /* testViewController.m */; };
		DE88313F2090291A0001972B /* testViewController.xib in Resources */ = {isa = PBXBuildFile; fileRef = DE88313D2090291A0001972B /* testViewController.xib */; };
		DE88314220906D2D0001972B /* BookPlayViewController.m in Sources */ = {isa = PBXBuildFile; fileRef = DE88314120906D2D0001972B /* BookPlayViewController.m */; };
		DE883145209075D40001972B /* BookData.m in Sources */ = {isa = PBXBuildFile; fileRef = DE883144209075D40001972B /* BookData.m */; };
		DE883148209075F90001972B /* SinglePage.m in Sources */ = {isa = PBXBuildFile; fileRef = DE883147209075F90001972B /* SinglePage.m */; };
		DE8B50232086E31200D3057E /* RegisterViewController.m in Sources */ = {isa = PBXBuildFile; fileRef = DE8B50222086E31200D3057E /* RegisterViewController.m */; };
		DE8B50272087373500D3057E /* ChooseViewController.m in Sources */ = {isa = PBXBuildFile; fileRef = DE8B50262087373500D3057E /* ChooseViewController.m */; };
		DE8B502D20873B8000D3057E /* ChooseButton.m in Sources */ = {isa = PBXBuildFile; fileRef = DE8B502C20873B8000D3057E /* ChooseButton.m */; };
		DED153B3208F047B00475AF5 /* YYHttpTool.m in Sources */ = {isa = PBXBuildFile; fileRef = DED153B2208F047B00475AF5 /* YYHttpTool.m */; };
		DED153B6208F2A1900475AF5 /* Book.m in Sources */ = {isa = PBXBuildFile; fileRef = DED153B5208F2A1900475AF5 /* Book.m */; };
/* End PBXBuildFile section */

/* Begin PBXContainerItemProxy section */
		DE2ECB212085F8C8009C4B36 /* PBXContainerItemProxy */ = {
			isa = PBXContainerItemProxy;
			containerPortal = DE2ECB002085F8C7009C4B36 /* Project object */;
			proxyType = 1;
			remoteGlobalIDString = DE2ECB072085F8C7009C4B36;
			remoteInfo = PictureBook;
		};
		DE2ECB2C2085F8C8009C4B36 /* PBXContainerItemProxy */ = {
			isa = PBXContainerItemProxy;
			containerPortal = DE2ECB002085F8C7009C4B36 /* Project object */;
			proxyType = 1;
			remoteGlobalIDString = DE2ECB072085F8C7009C4B36;
			remoteInfo = PictureBook;
		};
/* End PBXContainerItemProxy section */

/* Begin PBXFileReference section */
		21D5AFCECF551082C5B37160 /* libPods-PictureBook.a */ = {isa = PBXFileReference; explicitFileType = archive.ar; includeInIndex = 0; path = "libPods-PictureBook.a"; sourceTree = BUILT_PRODUCTS_DIR; };
		9482C5F2970481BA39743E5C /* Pods-PictureBookUITests.release.xcconfig */ = {isa = PBXFileReference; includeInIndex = 1; lastKnownFileType = text.xcconfig; name = "Pods-PictureBookUITests.release.xcconfig"; path = "Pods/Target Support Files/Pods-PictureBookUITests/Pods-PictureBookUITests.release.xcconfig"; sourceTree = "<group>"; };
		AC85C626CEE9381DFF7EB760 /* Pods-PictureBookUITests.debug.xcconfig */ = {isa = PBXFileReference; includeInIndex = 1; lastKnownFileType = text.xcconfig; name = "Pods-PictureBookUITests.debug.xcconfig"; path = "Pods/Target Support Files/Pods-PictureBookUITests/Pods-PictureBookUITests.debug.xcconfig"; sourceTree = "<group>"; };
		AF4F451037241D8BD7735D3D /* libPods-PictureBookUITests.a */ = {isa = PBXFileReference; explicitFileType = archive.ar; includeInIndex = 0; path = "libPods-PictureBookUITests.a"; sourceTree = BUILT_PRODUCTS_DIR; };
		B0BFB72C0C40A3DD7965ECAD /* Pods-PictureBookTests.debug.xcconfig */ = {isa = PBXFileReference; includeInIndex = 1; lastKnownFileType = text.xcconfig; name = "Pods-PictureBookTests.debug.xcconfig"; path = "Pods/Target Support Files/Pods-PictureBookTests/Pods-PictureBookTests.debug.xcconfig"; sourceTree = "<group>"; };
		CF9D49CB79CAB325DC329E81 /* libPods-PictureBookTests.a */ = {isa = PBXFileReference; explicitFileType = archive.ar; includeInIndex = 0; path = "libPods-PictureBookTests.a"; sourceTree = BUILT_PRODUCTS_DIR; };
		D59B683B209CC93E753390D7 /* Pods-PictureBookTests.release.xcconfig */ = {isa = PBXFileReference; includeInIndex = 1; lastKnownFileType = text.xcconfig; name = "Pods-PictureBookTests.release.xcconfig"; path = "Pods/Target Support Files/Pods-PictureBookTests/Pods-PictureBookTests.release.xcconfig"; sourceTree = "<group>"; };
		DD491A539685A1E99A249E51 /* Pods-PictureBook.release.xcconfig */ = {isa = PBXFileReference; includeInIndex = 1; lastKnownFileType = text.xcconfig; name = "Pods-PictureBook.release.xcconfig"; path = "Pods/Target Support Files/Pods-PictureBook/Pods-PictureBook.release.xcconfig"; sourceTree = "<group>"; };
		DE1D1DF2208D772D00739915 /* HomeViewController.h */ = {isa = PBXFileReference; lastKnownFileType = sourcecode.c.h; path = HomeViewController.h; sourceTree = "<group>"; };
		DE1D1DF3208D772D00739915 /* HomeViewController.m */ = {isa = PBXFileReference; lastKnownFileType = sourcecode.c.objc; path = HomeViewController.m; sourceTree = "<group>"; };
		DE1D1DF5208D7FD400739915 /* MyFlowLayout.h */ = {isa = PBXFileReference; fileEncoding = 4; lastKnownFileType = sourcecode.c.h; path = MyFlowLayout.h; sourceTree = "<group>"; };
		DE1D1DF6208D7FD400739915 /* MyFlowLayout.m */ = {isa = PBXFileReference; fileEncoding = 4; lastKnownFileType = sourcecode.c.objc; path = MyFlowLayout.m; sourceTree = "<group>"; };
		DE1D1DF8208D8AF500739915 /* MyCoViewController.h */ = {isa = PBXFileReference; lastKnownFileType = sourcecode.c.h; path = MyCoViewController.h; sourceTree = "<group>"; };
		DE1D1DF9208D8AF500739915 /* MyCoViewController.m */ = {isa = PBXFileReference; lastKnownFileType = sourcecode.c.objc; path = MyCoViewController.m; sourceTree = "<group>"; };
		DE1D1DFB208D8E7100739915 /* MyCoViewCell.h */ = {isa = PBXFileReference; lastKnownFileType = sourcecode.c.h; path = MyCoViewCell.h; sourceTree = "<group>"; };
		DE1D1DFC208D8E7100739915 /* MyCoViewCell.m */ = {isa = PBXFileReference; lastKnownFileType = sourcecode.c.objc; path = MyCoViewCell.m; sourceTree = "<group>"; };
		DE2616132089DB4F00B95CEE /* PictureBook.h */ = {isa = PBXFileReference; lastKnownFileType = sourcecode.c.h; path = PictureBook.h; sourceTree = "<group>"; };
		DE2616142089DB4F00B95CEE /* PictureBook.m */ = {isa = PBXFileReference; lastKnownFileType = sourcecode.c.objc; path = PictureBook.m; sourceTree = "<group>"; };
		DE2616162089E18900B95CEE /* PictureBook.mobileprovision */ = {isa = PBXFileReference; lastKnownFileType = file; path = PictureBook.mobileprovision; sourceTree = "<group>"; };
		DE2616172089E18900B95CEE /* GoogleService-Info.plist */ = {isa = PBXFileReference; fileEncoding = 4; lastKnownFileType = text.plist.xml; path = "GoogleService-Info.plist"; sourceTree = "<group>"; };
		DE2ECB082085F8C7009C4B36 /* PictureBook.app */ = {isa = PBXFileReference; explicitFileType = wrapper.application; includeInIndex = 0; path = PictureBook.app; sourceTree = BUILT_PRODUCTS_DIR; };
		DE2ECB0B2085F8C7009C4B36 /* AppDelegate.h */ = {isa = PBXFileReference; lastKnownFileType = sourcecode.c.h; path = AppDelegate.h; sourceTree = "<group>"; };
		DE2ECB0C2085F8C7009C4B36 /* AppDelegate.m */ = {isa = PBXFileReference; lastKnownFileType = sourcecode.c.objc; path = AppDelegate.m; sourceTree = "<group>"; };
		DE2ECB142085F8C8009C4B36 /* Assets.xcassets */ = {isa = PBXFileReference; lastKnownFileType = folder.assetcatalog; path = Assets.xcassets; sourceTree = "<group>"; };
		DE2ECB172085F8C8009C4B36 /* Base */ = {isa = PBXFileReference; lastKnownFileType = file.storyboard; name = Base; path = Base.lproj/LaunchScreen.storyboard; sourceTree = "<group>"; };
		DE2ECB192085F8C8009C4B36 /* Info.plist */ = {isa = PBXFileReference; lastKnownFileType = text.plist.xml; path = Info.plist; sourceTree = "<group>"; };
		DE2ECB1A2085F8C8009C4B36 /* main.m */ = {isa = PBXFileReference; lastKnownFileType = sourcecode.c.objc; path = main.m; sourceTree = "<group>"; };
		DE2ECB202085F8C8009C4B36 /* PictureBookTests.xctest */ = {isa = PBXFileReference; explicitFileType = wrapper.cfbundle; includeInIndex = 0; path = PictureBookTests.xctest; sourceTree = BUILT_PRODUCTS_DIR; };
		DE2ECB242085F8C8009C4B36 /* PictureBookTests.m */ = {isa = PBXFileReference; lastKnownFileType = sourcecode.c.objc; path = PictureBookTests.m; sourceTree = "<group>"; };
		DE2ECB262085F8C8009C4B36 /* Info.plist */ = {isa = PBXFileReference; lastKnownFileType = text.plist.xml; path = Info.plist; sourceTree = "<group>"; };
		DE2ECB2B2085F8C8009C4B36 /* PictureBookUITests.xctest */ = {isa = PBXFileReference; explicitFileType = wrapper.cfbundle; includeInIndex = 0; path = PictureBookUITests.xctest; sourceTree = BUILT_PRODUCTS_DIR; };
		DE2ECB2F2085F8C8009C4B36 /* PictureBookUITests.m */ = {isa = PBXFileReference; lastKnownFileType = sourcecode.c.objc; path = PictureBookUITests.m; sourceTree = "<group>"; };
		DE2ECB312085F8C8009C4B36 /* Info.plist */ = {isa = PBXFileReference; lastKnownFileType = text.plist.xml; path = Info.plist; sourceTree = "<group>"; };
		DE8831332090159E0001972B /* UIImage+CellImage.h */ = {isa = PBXFileReference; lastKnownFileType = sourcecode.c.h; path = "UIImage+CellImage.h"; sourceTree = "<group>"; };
		DE8831342090159E0001972B /* UIImage+CellImage.m */ = {isa = PBXFileReference; lastKnownFileType = sourcecode.c.objc; path = "UIImage+CellImage.m"; sourceTree = "<group>"; };
		DE88313B2090291A0001972B /* testViewController.h */ = {isa = PBXFileReference; lastKnownFileType = sourcecode.c.h; path = testViewController.h; sourceTree = "<group>"; };
		DE88313C2090291A0001972B /* testViewController.m */ = {isa = PBXFileReference; lastKnownFileType = sourcecode.c.objc; path = testViewController.m; sourceTree = "<group>"; };
		DE88313D2090291A0001972B /* testViewController.xib */ = {isa = PBXFileReference; lastKnownFileType = file.xib; path = testViewController.xib; sourceTree = "<group>"; };
		DE88314020906D2D0001972B /* BookPlayViewController.h */ = {isa = PBXFileReference; lastKnownFileType = sourcecode.c.h; path = BookPlayViewController.h; sourceTree = "<group>"; };
		DE88314120906D2D0001972B /* BookPlayViewController.m */ = {isa = PBXFileReference; lastKnownFileType = sourcecode.c.objc; path = BookPlayViewController.m; sourceTree = "<group>"; };
		DE883143209075D40001972B /* BookData.h */ = {isa = PBXFileReference; lastKnownFileType = sourcecode.c.h; path = BookData.h; sourceTree = "<group>"; };
		DE883144209075D40001972B /* BookData.m */ = {isa = PBXFileReference; lastKnownFileType = sourcecode.c.objc; path = BookData.m; sourceTree = "<group>"; };
		DE883146209075F90001972B /* SinglePage.h */ = {isa = PBXFileReference; lastKnownFileType = sourcecode.c.h; path = SinglePage.h; sourceTree = "<group>"; };
		DE883147209075F90001972B /* SinglePage.m */ = {isa = PBXFileReference; lastKnownFileType = sourcecode.c.objc; path = SinglePage.m; sourceTree = "<group>"; };
		DE8B50212086E31200D3057E /* RegisterViewController.h */ = {isa = PBXFileReference; lastKnownFileType = sourcecode.c.h; path = RegisterViewController.h; sourceTree = "<group>"; };
		DE8B50222086E31200D3057E /* RegisterViewController.m */ = {isa = PBXFileReference; lastKnownFileType = sourcecode.c.objc; path = RegisterViewController.m; sourceTree = "<group>"; };
		DE8B50242086E68600D3057E /* PictureBook.pch */ = {isa = PBXFileReference; lastKnownFileType = sourcecode.c.h; path = PictureBook.pch; sourceTree = "<group>"; };
		DE8B50252087373500D3057E /* ChooseViewController.h */ = {isa = PBXFileReference; lastKnownFileType = sourcecode.c.h; path = ChooseViewController.h; sourceTree = "<group>"; };
		DE8B50262087373500D3057E /* ChooseViewController.m */ = {isa = PBXFileReference; lastKnownFileType = sourcecode.c.objc; path = ChooseViewController.m; sourceTree = "<group>"; };
		DE8B502B20873B8000D3057E /* ChooseButton.h */ = {isa = PBXFileReference; lastKnownFileType = sourcecode.c.h; path = ChooseButton.h; sourceTree = "<group>"; };
		DE8B502C20873B8000D3057E /* ChooseButton.m */ = {isa = PBXFileReference; lastKnownFileType = sourcecode.c.objc; path = ChooseButton.m; sourceTree = "<group>"; };
		DED153B1208F047B00475AF5 /* YYHttpTool.h */ = {isa = PBXFileReference; fileEncoding = 4; lastKnownFileType = sourcecode.c.h; path = YYHttpTool.h; sourceTree = "<group>"; };
		DED153B2208F047B00475AF5 /* YYHttpTool.m */ = {isa = PBXFileReference; fileEncoding = 4; lastKnownFileType = sourcecode.c.objc; path = YYHttpTool.m; sourceTree = "<group>"; };
		DED153B4208F2A1900475AF5 /* Book.h */ = {isa = PBXFileReference; lastKnownFileType = sourcecode.c.h; path = Book.h; sourceTree = "<group>"; };
		DED153B5208F2A1900475AF5 /* Book.m */ = {isa = PBXFileReference; lastKnownFileType = sourcecode.c.objc; path = Book.m; sourceTree = "<group>"; };
		F0D34EFEE610D4350FAAE4E2 /* Pods-PictureBook.debug.xcconfig */ = {isa = PBXFileReference; includeInIndex = 1; lastKnownFileType = text.xcconfig; name = "Pods-PictureBook.debug.xcconfig"; path = "Pods/Target Support Files/Pods-PictureBook/Pods-PictureBook.debug.xcconfig"; sourceTree = "<group>"; };
/* End PBXFileReference section */

/* Begin PBXFrameworksBuildPhase section */
		DE2ECB052085F8C7009C4B36 /* Frameworks */ = {
			isa = PBXFrameworksBuildPhase;
			buildActionMask = 2147483647;
			files = (
				CDB20C6607EDC0BAE595C819 /* libPods-PictureBook.a in Frameworks */,
			);
			runOnlyForDeploymentPostprocessing = 0;
		};
		DE2ECB1D2085F8C8009C4B36 /* Frameworks */ = {
			isa = PBXFrameworksBuildPhase;
			buildActionMask = 2147483647;
			files = (
				570EFA477FBC2CE0A987C567 /* libPods-PictureBookTests.a in Frameworks */,
			);
			runOnlyForDeploymentPostprocessing = 0;
		};
		DE2ECB282085F8C8009C4B36 /* Frameworks */ = {
			isa = PBXFrameworksBuildPhase;
			buildActionMask = 2147483647;
			files = (
				09A584BF8A44427787F80FD5 /* libPods-PictureBookUITests.a in Frameworks */,
			);
			runOnlyForDeploymentPostprocessing = 0;
		};
/* End PBXFrameworksBuildPhase section */

/* Begin PBXGroup section */
		472DD6D74B116CA620337FF2 /* Pods */ = {
			isa = PBXGroup;
			children = (
				F0D34EFEE610D4350FAAE4E2 /* Pods-PictureBook.debug.xcconfig */,
				DD491A539685A1E99A249E51 /* Pods-PictureBook.release.xcconfig */,
				B0BFB72C0C40A3DD7965ECAD /* Pods-PictureBookTests.debug.xcconfig */,
				D59B683B209CC93E753390D7 /* Pods-PictureBookTests.release.xcconfig */,
				AC85C626CEE9381DFF7EB760 /* Pods-PictureBookUITests.debug.xcconfig */,
				9482C5F2970481BA39743E5C /* Pods-PictureBookUITests.release.xcconfig */,
			);
			name = Pods;
			sourceTree = "<group>";
		};
		5C99A7693813342130114A37 /* Frameworks */ = {
			isa = PBXGroup;
			children = (
				21D5AFCECF551082C5B37160 /* libPods-PictureBook.a */,
				CF9D49CB79CAB325DC329E81 /* libPods-PictureBookTests.a */,
				AF4F451037241D8BD7735D3D /* libPods-PictureBookUITests.a */,
			);
			name = Frameworks;
			sourceTree = "<group>";
		};
		DE2ECAFF2085F8C7009C4B36 = {
			isa = PBXGroup;
			children = (
				DE2ECB0A2085F8C7009C4B36 /* PictureBook */,
				DE2ECB232085F8C8009C4B36 /* PictureBookTests */,
				DE2ECB2E2085F8C8009C4B36 /* PictureBookUITests */,
				DE2ECB092085F8C7009C4B36 /* Products */,
				472DD6D74B116CA620337FF2 /* Pods */,
				5C99A7693813342130114A37 /* Frameworks */,
			);
			sourceTree = "<group>";
		};
		DE2ECB092085F8C7009C4B36 /* Products */ = {
			isa = PBXGroup;
			children = (
				DE2ECB082085F8C7009C4B36 /* PictureBook.app */,
				DE2ECB202085F8C8009C4B36 /* PictureBookTests.xctest */,
				DE2ECB2B2085F8C8009C4B36 /* PictureBookUITests.xctest */,
			);
			name = Products;
			sourceTree = "<group>";
		};
		DE2ECB0A2085F8C7009C4B36 /* PictureBook */ = {
			isa = PBXGroup;
			children = (
				DE2ECB192085F8C8009C4B36 /* Info.plist */,
				DE2ECB162085F8C8009C4B36 /* LaunchScreen.storyboard */,
				DE2ECB1A2085F8C8009C4B36 /* main.m */,
				DE2616172089E18900B95CEE /* GoogleService-Info.plist */,
				DE2616162089E18900B95CEE /* PictureBook.mobileprovision */,
				DE2ECB142085F8C8009C4B36 /* Assets.xcassets */,
				DE8831222090139F0001972B /* Classes */,
			);
			path = PictureBook;
			sourceTree = "<group>";
		};
		DE2ECB232085F8C8009C4B36 /* PictureBookTests */ = {
			isa = PBXGroup;
			children = (
				DE2ECB242085F8C8009C4B36 /* PictureBookTests.m */,
				DE2ECB262085F8C8009C4B36 /* Info.plist */,
			);
			path = PictureBookTests;
			sourceTree = "<group>";
		};
		DE2ECB2E2085F8C8009C4B36 /* PictureBookUITests */ = {
			isa = PBXGroup;
			children = (
				DE2ECB2F2085F8C8009C4B36 /* PictureBookUITests.m */,
				DE2ECB312085F8C8009C4B36 /* Info.plist */,
			);
			path = PictureBookUITests;
			sourceTree = "<group>";
		};
		DE8831222090139F0001972B /* Classes */ = {
			isa = PBXGroup;
			children = (
				DE88313A209028F70001972B /* 测试 */,
				DE88312B2090139F0001972B /* Others */,
				DE8831232090139F0001972B /* Play(播放页面) */,
				DE8831272090139F0001972B /* Home(主页面) */,
				DE88312F2090139F0001972B /* Register(注册) */,
			);
			path = Classes;
			sourceTree = "<group>";
		};
		DE8831232090139F0001972B /* Play(播放页面) */ = {
			isa = PBXGroup;
			children = (
				DE8831242090139F0001972B /* VierController */,
				DE8831252090139F0001972B /* Model */,
				DE8831262090139F0001972B /* View */,
			);
			path = "Play(播放页面)";
			sourceTree = "<group>";
		};
		DE8831242090139F0001972B /* VierController */ = {
			isa = PBXGroup;
			children = (
				DE88314020906D2D0001972B /* BookPlayViewController.h */,
				DE88314120906D2D0001972B /* BookPlayViewController.m */,
			);
			path = VierController;
			sourceTree = "<group>";
		};
		DE8831252090139F0001972B /* Model */ = {
			isa = PBXGroup;
			children = (
				DE883143209075D40001972B /* BookData.h */,
				DE883144209075D40001972B /* BookData.m */,
				DE883146209075F90001972B /* SinglePage.h */,
				DE883147209075F90001972B /* SinglePage.m */,
			);
			path = Model;
			sourceTree = "<group>";
		};
		DE8831262090139F0001972B /* View */ = {
			isa = PBXGroup;
			children = (
			);
			path = View;
			sourceTree = "<group>";
		};
		DE8831272090139F0001972B /* Home(主页面) */ = {
			isa = PBXGroup;
			children = (
				DE8831282090139F0001972B /* VierController */,
				DE8831292090139F0001972B /* Model */,
				DE88312A2090139F0001972B /* View */,
			);
			path = "Home(主页面)";
			sourceTree = "<group>";
		};
		DE8831282090139F0001972B /* VierController */ = {
			isa = PBXGroup;
			children = (
				DE1D1DF2208D772D00739915 /* HomeViewController.h */,
				DE1D1DF3208D772D00739915 /* HomeViewController.m */,
				DE1D1DF8208D8AF500739915 /* MyCoViewController.h */,
				DE1D1DF9208D8AF500739915 /* MyCoViewController.m */,
			);
			path = VierController;
			sourceTree = "<group>";
		};
		DE8831292090139F0001972B /* Model */ = {
			isa = PBXGroup;
			children = (
				DED153B4208F2A1900475AF5 /* Book.h */,
				DED153B5208F2A1900475AF5 /* Book.m */,
			);
			path = Model;
			sourceTree = "<group>";
		};
		DE88312A2090139F0001972B /* View */ = {
			isa = PBXGroup;
			children = (
				DE1D1DF5208D7FD400739915 /* MyFlowLayout.h */,
				DE1D1DF6208D7FD400739915 /* MyFlowLayout.m */,
				DE1D1DFB208D8E7100739915 /* MyCoViewCell.h */,
				DE1D1DFC208D8E7100739915 /* MyCoViewCell.m */,
			);
			path = View;
			sourceTree = "<group>";
		};
		DE88312B2090139F0001972B /* Others */ = {
			isa = PBXGroup;
			children = (
				DE2616132089DB4F00B95CEE /* PictureBook.h */,
				DE2616142089DB4F00B95CEE /* PictureBook.m */,
				DE2ECB0B2085F8C7009C4B36 /* AppDelegate.h */,
				DE2ECB0C2085F8C7009C4B36 /* AppDelegate.m */,
				DE8B50242086E68600D3057E /* PictureBook.pch */,
				DE88312C2090139F0001972B /* Category */,
				DE88312D2090139F0001972B /* Lib */,
				DE88312E2090139F0001972B /* Tool */,
			);
			path = Others;
			sourceTree = "<group>";
		};
		DE88312C2090139F0001972B /* Category */ = {
			isa = PBXGroup;
			children = (
				DE8831332090159E0001972B /* UIImage+CellImage.h */,
				DE8831342090159E0001972B /* UIImage+CellImage.m */,
			);
			path = Category;
			sourceTree = "<group>";
		};
		DE88312D2090139F0001972B /* Lib */ = {
			isa = PBXGroup;
			children = (
			);
			path = Lib;
			sourceTree = "<group>";
		};
		DE88312E2090139F0001972B /* Tool */ = {
			isa = PBXGroup;
			children = (
				DED153B1208F047B00475AF5 /* YYHttpTool.h */,
				DED153B2208F047B00475AF5 /* YYHttpTool.m */,
			);
			path = Tool;
			sourceTree = "<group>";
		};
		DE88312F2090139F0001972B /* Register(注册) */ = {
			isa = PBXGroup;
			children = (
				DE8831302090139F0001972B /* VierController */,
				DE8831312090139F0001972B /* Model */,
				DE8831322090139F0001972B /* View */,
			);
			path = "Register(注册)";
			sourceTree = "<group>";
		};
		DE8831302090139F0001972B /* VierController */ = {
			isa = PBXGroup;
			children = (
				DE8B50212086E31200D3057E /* RegisterViewController.h */,
				DE8B50222086E31200D3057E /* RegisterViewController.m */,
				DE8B50252087373500D3057E /* ChooseViewController.h */,
				DE8B50262087373500D3057E /* ChooseViewController.m */,
			);
			path = VierController;
			sourceTree = "<group>";
		};
		DE8831312090139F0001972B /* Model */ = {
			isa = PBXGroup;
			children = (
			);
			path = Model;
			sourceTree = "<group>";
		};
		DE8831322090139F0001972B /* View */ = {
			isa = PBXGroup;
			children = (
				DE8B502B20873B8000D3057E /* ChooseButton.h */,
				DE8B502C20873B8000D3057E /* ChooseButton.m */,
			);
			path = View;
			sourceTree = "<group>";
		};
		DE88313A209028F70001972B /* 测试 */ = {
			isa = PBXGroup;
			children = (
				DE88313B2090291A0001972B /* testViewController.h */,
				DE88313C2090291A0001972B /* testViewController.m */,
				DE88313D2090291A0001972B /* testViewController.xib */,
			);
			path = "测试";
			sourceTree = "<group>";
		};
/* End PBXGroup section */

/* Begin PBXNativeTarget section */
		DE2ECB072085F8C7009C4B36 /* PictureBook */ = {
			isa = PBXNativeTarget;
			buildConfigurationList = DE2ECB342085F8C8009C4B36 /* Build configuration list for PBXNativeTarget "PictureBook" */;
			buildPhases = (
				BCF1329CD21FDF30D74D4714 /* [CP] Check Pods Manifest.lock */,
				DE2ECB042085F8C7009C4B36 /* Sources */,
				DE2ECB052085F8C7009C4B36 /* Frameworks */,
				DE2ECB062085F8C7009C4B36 /* Resources */,
				B34D2554557FFDF21597E294 /* [CP] Copy Pods Resources */,
			);
			buildRules = (
			);
			dependencies = (
			);
			name = PictureBook;
			productName = PictureBook;
			productReference = DE2ECB082085F8C7009C4B36 /* PictureBook.app */;
			productType = "com.apple.product-type.application";
		};
		DE2ECB1F2085F8C8009C4B36 /* PictureBookTests */ = {
			isa = PBXNativeTarget;
			buildConfigurationList = DE2ECB372085F8C8009C4B36 /* Build configuration list for PBXNativeTarget "PictureBookTests" */;
			buildPhases = (
				02E3B28DC9F0C30795D14363 /* [CP] Check Pods Manifest.lock */,
				DE2ECB1C2085F8C8009C4B36 /* Sources */,
				DE2ECB1D2085F8C8009C4B36 /* Frameworks */,
				DE2ECB1E2085F8C8009C4B36 /* Resources */,
			);
			buildRules = (
			);
			dependencies = (
				DE2ECB222085F8C8009C4B36 /* PBXTargetDependency */,
			);
			name = PictureBookTests;
			productName = PictureBookTests;
			productReference = DE2ECB202085F8C8009C4B36 /* PictureBookTests.xctest */;
			productType = "com.apple.product-type.bundle.unit-test";
		};
		DE2ECB2A2085F8C8009C4B36 /* PictureBookUITests */ = {
			isa = PBXNativeTarget;
			buildConfigurationList = DE2ECB3A2085F8C8009C4B36 /* Build configuration list for PBXNativeTarget "PictureBookUITests" */;
			buildPhases = (
				F9C7C4F1BC1863FDF9BFB80F /* [CP] Check Pods Manifest.lock */,
				DE2ECB272085F8C8009C4B36 /* Sources */,
				DE2ECB282085F8C8009C4B36 /* Frameworks */,
				DE2ECB292085F8C8009C4B36 /* Resources */,
			);
			buildRules = (
			);
			dependencies = (
				DE2ECB2D2085F8C8009C4B36 /* PBXTargetDependency */,
			);
			name = PictureBookUITests;
			productName = PictureBookUITests;
			productReference = DE2ECB2B2085F8C8009C4B36 /* PictureBookUITests.xctest */;
			productType = "com.apple.product-type.bundle.ui-testing";
		};
/* End PBXNativeTarget section */

/* Begin PBXProject section */
		DE2ECB002085F8C7009C4B36 /* Project object */ = {
			isa = PBXProject;
			attributes = {
				LastUpgradeCheck = 0930;
				ORGANIZATIONNAME = zaoliedu;
				TargetAttributes = {
					DE2ECB072085F8C7009C4B36 = {
						CreatedOnToolsVersion = 9.3;
					};
					DE2ECB1F2085F8C8009C4B36 = {
						CreatedOnToolsVersion = 9.3;
						TestTargetID = DE2ECB072085F8C7009C4B36;
					};
					DE2ECB2A2085F8C8009C4B36 = {
						CreatedOnToolsVersion = 9.3;
						TestTargetID = DE2ECB072085F8C7009C4B36;
					};
				};
			};
			buildConfigurationList = DE2ECB032085F8C7009C4B36 /* Build configuration list for PBXProject "PictureBook" */;
			compatibilityVersion = "Xcode 9.3";
			developmentRegion = en;
			hasScannedForEncodings = 0;
			knownRegions = (
				en,
				Base,
			);
			mainGroup = DE2ECAFF2085F8C7009C4B36;
			productRefGroup = DE2ECB092085F8C7009C4B36 /* Products */;
			projectDirPath = "";
			projectRoot = "";
			targets = (
				DE2ECB072085F8C7009C4B36 /* PictureBook */,
				DE2ECB1F2085F8C8009C4B36 /* PictureBookTests */,
				DE2ECB2A2085F8C8009C4B36 /* PictureBookUITests */,
			);
		};
/* End PBXProject section */

/* Begin PBXResourcesBuildPhase section */
		DE2ECB062085F8C7009C4B36 /* Resources */ = {
			isa = PBXResourcesBuildPhase;
			buildActionMask = 2147483647;
			files = (
				DE2ECB182085F8C8009C4B36 /* LaunchScreen.storyboard in Resources */,
				DE2616182089E18900B95CEE /* PictureBook.mobileprovision in Resources */,
				DE2ECB152085F8C8009C4B36 /* Assets.xcassets in Resources */,
				DE2616192089E18900B95CEE /* GoogleService-Info.plist in Resources */,
				DE88313F2090291A0001972B /* testViewController.xib in Resources */,
			);
			runOnlyForDeploymentPostprocessing = 0;
		};
		DE2ECB1E2085F8C8009C4B36 /* Resources */ = {
			isa = PBXResourcesBuildPhase;
			buildActionMask = 2147483647;
			files = (
			);
			runOnlyForDeploymentPostprocessing = 0;
		};
		DE2ECB292085F8C8009C4B36 /* Resources */ = {
			isa = PBXResourcesBuildPhase;
			buildActionMask = 2147483647;
			files = (
			);
			runOnlyForDeploymentPostprocessing = 0;
		};
/* End PBXResourcesBuildPhase section */

/* Begin PBXShellScriptBuildPhase section */
		02E3B28DC9F0C30795D14363 /* [CP] Check Pods Manifest.lock */ = {
			isa = PBXShellScriptBuildPhase;
			buildActionMask = 2147483647;
			files = (
			);
			inputPaths = (
				"${PODS_PODFILE_DIR_PATH}/Podfile.lock",
				"${PODS_ROOT}/Manifest.lock",
			);
			name = "[CP] Check Pods Manifest.lock";
			outputPaths = (
				"$(DERIVED_FILE_DIR)/Pods-PictureBookTests-checkManifestLockResult.txt",
			);
			runOnlyForDeploymentPostprocessing = 0;
			shellPath = /bin/sh;
			shellScript = "diff \"${PODS_PODFILE_DIR_PATH}/Podfile.lock\" \"${PODS_ROOT}/Manifest.lock\" > /dev/null\nif [ $? != 0 ] ; then\n    # print error to STDERR\n    echo \"error: The sandbox is not in sync with the Podfile.lock. Run 'pod install' or update your CocoaPods installation.\" >&2\n    exit 1\nfi\n# This output is used by Xcode 'outputs' to avoid re-running this script phase.\necho \"SUCCESS\" > \"${SCRIPT_OUTPUT_FILE_0}\"\n";
			showEnvVarsInLog = 0;
		};
		B34D2554557FFDF21597E294 /* [CP] Copy Pods Resources */ = {
			isa = PBXShellScriptBuildPhase;
			buildActionMask = 2147483647;
			files = (
			);
			inputPaths = (
				"${SRCROOT}/Pods/Target Support Files/Pods-PictureBook/Pods-PictureBook-resources.sh",
				"${PODS_ROOT}/SVProgressHUD/SVProgressHUD/SVProgressHUD.bundle",
			);
			name = "[CP] Copy Pods Resources";
			outputPaths = (
				"${TARGET_BUILD_DIR}/${UNLOCALIZED_RESOURCES_FOLDER_PATH}/SVProgressHUD.bundle",
			);
			runOnlyForDeploymentPostprocessing = 0;
			shellPath = /bin/sh;
			shellScript = "\"${SRCROOT}/Pods/Target Support Files/Pods-PictureBook/Pods-PictureBook-resources.sh\"\n";
			showEnvVarsInLog = 0;
		};
		BCF1329CD21FDF30D74D4714 /* [CP] Check Pods Manifest.lock */ = {
			isa = PBXShellScriptBuildPhase;
			buildActionMask = 2147483647;
			files = (
			);
			inputPaths = (
				"${PODS_PODFILE_DIR_PATH}/Podfile.lock",
				"${PODS_ROOT}/Manifest.lock",
			);
			name = "[CP] Check Pods Manifest.lock";
			outputPaths = (
				"$(DERIVED_FILE_DIR)/Pods-PictureBook-checkManifestLockResult.txt",
			);
			runOnlyForDeploymentPostprocessing = 0;
			shellPath = /bin/sh;
			shellScript = "diff \"${PODS_PODFILE_DIR_PATH}/Podfile.lock\" \"${PODS_ROOT}/Manifest.lock\" > /dev/null\nif [ $? != 0 ] ; then\n    # print error to STDERR\n    echo \"error: The sandbox is not in sync with the Podfile.lock. Run 'pod install' or update your CocoaPods installation.\" >&2\n    exit 1\nfi\n# This output is used by Xcode 'outputs' to avoid re-running this script phase.\necho \"SUCCESS\" > \"${SCRIPT_OUTPUT_FILE_0}\"\n";
			showEnvVarsInLog = 0;
		};
		F9C7C4F1BC1863FDF9BFB80F /* [CP] Check Pods Manifest.lock */ = {
			isa = PBXShellScriptBuildPhase;
			buildActionMask = 2147483647;
			files = (
			);
			inputPaths = (
				"${PODS_PODFILE_DIR_PATH}/Podfile.lock",
				"${PODS_ROOT}/Manifest.lock",
			);
			name = "[CP] Check Pods Manifest.lock";
			outputPaths = (
				"$(DERIVED_FILE_DIR)/Pods-PictureBookUITests-checkManifestLockResult.txt",
			);
			runOnlyForDeploymentPostprocessing = 0;
			shellPath = /bin/sh;
			shellScript = "diff \"${PODS_PODFILE_DIR_PATH}/Podfile.lock\" \"${PODS_ROOT}/Manifest.lock\" > /dev/null\nif [ $? != 0 ] ; then\n    # print error to STDERR\n    echo \"error: The sandbox is not in sync with the Podfile.lock. Run 'pod install' or update your CocoaPods installation.\" >&2\n    exit 1\nfi\n# This output is used by Xcode 'outputs' to avoid re-running this script phase.\necho \"SUCCESS\" > \"${SCRIPT_OUTPUT_FILE_0}\"\n";
			showEnvVarsInLog = 0;
		};
/* End PBXShellScriptBuildPhase section */

/* Begin PBXSourcesBuildPhase section */
		DE2ECB042085F8C7009C4B36 /* Sources */ = {
			isa = PBXSourcesBuildPhase;
			buildActionMask = 2147483647;
			files = (
				DE1D1DFA208D8AF500739915 /* MyCoViewController.m in Sources */,
				DE2ECB1B2085F8C8009C4B36 /* main.m in Sources */,
				DE8831352090159E0001972B /* UIImage+CellImage.m in Sources */,
				DE2616152089DB4F00B95CEE /* PictureBook.m in Sources */,
				DE88314220906D2D0001972B /* BookPlayViewController.m in Sources */,
				DED153B3208F047B00475AF5 /* YYHttpTool.m in Sources */,
				DED153B6208F2A1900475AF5 /* Book.m in Sources */,
				DE8B502D20873B8000D3057E /* ChooseButton.m in Sources */,
				DE8B50272087373500D3057E /* ChooseViewController.m in Sources */,
				DE8B50232086E31200D3057E /* RegisterViewController.m in Sources */,
				DE883145209075D40001972B /* BookData.m in Sources */,
				DE1D1DF7208D7FD400739915 /* MyFlowLayout.m in Sources */,
				DE1D1DFD208D8E7100739915 /* MyCoViewCell.m in Sources */,
				DE2ECB0D2085F8C7009C4B36 /* AppDelegate.m in Sources */,
				DE88313E2090291A0001972B /* testViewController.m in Sources */,
				DE1D1DF4208D772D00739915 /* HomeViewController.m in Sources */,
				DE883148209075F90001972B /* SinglePage.m in Sources */,
			);
			runOnlyForDeploymentPostprocessing = 0;
		};
		DE2ECB1C2085F8C8009C4B36 /* Sources */ = {
			isa = PBXSourcesBuildPhase;
			buildActionMask = 2147483647;
			files = (
				DE2ECB252085F8C8009C4B36 /* PictureBookTests.m in Sources */,
			);
			runOnlyForDeploymentPostprocessing = 0;
		};
		DE2ECB272085F8C8009C4B36 /* Sources */ = {
			isa = PBXSourcesBuildPhase;
			buildActionMask = 2147483647;
			files = (
				DE2ECB302085F8C8009C4B36 /* PictureBookUITests.m in Sources */,
			);
			runOnlyForDeploymentPostprocessing = 0;
		};
/* End PBXSourcesBuildPhase section */

/* Begin PBXTargetDependency section */
		DE2ECB222085F8C8009C4B36 /* PBXTargetDependency */ = {
			isa = PBXTargetDependency;
			target = DE2ECB072085F8C7009C4B36 /* PictureBook */;
			targetProxy = DE2ECB212085F8C8009C4B36 /* PBXContainerItemProxy */;
		};
		DE2ECB2D2085F8C8009C4B36 /* PBXTargetDependency */ = {
			isa = PBXTargetDependency;
			target = DE2ECB072085F8C7009C4B36 /* PictureBook */;
			targetProxy = DE2ECB2C2085F8C8009C4B36 /* PBXContainerItemProxy */;
		};
/* End PBXTargetDependency section */

/* Begin PBXVariantGroup section */
		DE2ECB162085F8C8009C4B36 /* LaunchScreen.storyboard */ = {
			isa = PBXVariantGroup;
			children = (
				DE2ECB172085F8C8009C4B36 /* Base */,
			);
			name = LaunchScreen.storyboard;
			sourceTree = "<group>";
		};
/* End PBXVariantGroup section */

/* Begin XCBuildConfiguration section */
		DE2ECB322085F8C8009C4B36 /* Debug */ = {
			isa = XCBuildConfiguration;
			buildSettings = {
				ALWAYS_SEARCH_USER_PATHS = NO;
				CLANG_ANALYZER_NONNULL = YES;
				CLANG_ANALYZER_NUMBER_OBJECT_CONVERSION = YES_AGGRESSIVE;
				CLANG_CXX_LANGUAGE_STANDARD = "gnu++14";
				CLANG_CXX_LIBRARY = "libc++";
				CLANG_ENABLE_MODULES = YES;
				CLANG_ENABLE_OBJC_ARC = YES;
				CLANG_ENABLE_OBJC_WEAK = YES;
				CLANG_WARN_BLOCK_CAPTURE_AUTORELEASING = YES;
				CLANG_WARN_BOOL_CONVERSION = YES;
				CLANG_WARN_COMMA = YES;
				CLANG_WARN_CONSTANT_CONVERSION = YES;
				CLANG_WARN_DEPRECATED_OBJC_IMPLEMENTATIONS = YES;
				CLANG_WARN_DIRECT_OBJC_ISA_USAGE = YES_ERROR;
				CLANG_WARN_DOCUMENTATION_COMMENTS = YES;
				CLANG_WARN_EMPTY_BODY = YES;
				CLANG_WARN_ENUM_CONVERSION = YES;
				CLANG_WARN_INFINITE_RECURSION = YES;
				CLANG_WARN_INT_CONVERSION = YES;
				CLANG_WARN_NON_LITERAL_NULL_CONVERSION = YES;
				CLANG_WARN_OBJC_IMPLICIT_RETAIN_SELF = YES;
				CLANG_WARN_OBJC_LITERAL_CONVERSION = YES;
				CLANG_WARN_OBJC_ROOT_CLASS = YES_ERROR;
				CLANG_WARN_RANGE_LOOP_ANALYSIS = YES;
				CLANG_WARN_STRICT_PROTOTYPES = YES;
				CLANG_WARN_SUSPICIOUS_MOVE = YES;
				CLANG_WARN_UNGUARDED_AVAILABILITY = YES_AGGRESSIVE;
				CLANG_WARN_UNREACHABLE_CODE = YES;
				CLANG_WARN__DUPLICATE_METHOD_MATCH = YES;
				CODE_SIGN_IDENTITY = "iPhone Developer";
				COPY_PHASE_STRIP = NO;
				DEBUG_INFORMATION_FORMAT = dwarf;
				ENABLE_STRICT_OBJC_MSGSEND = YES;
				ENABLE_TESTABILITY = YES;
				GCC_C_LANGUAGE_STANDARD = gnu11;
				GCC_DYNAMIC_NO_PIC = NO;
				GCC_NO_COMMON_BLOCKS = YES;
				GCC_OPTIMIZATION_LEVEL = 0;
				GCC_PREPROCESSOR_DEFINITIONS = (
					"DEBUG=1",
					"$(inherited)",
				);
				GCC_WARN_64_TO_32_BIT_CONVERSION = YES;
				GCC_WARN_ABOUT_RETURN_TYPE = YES_ERROR;
				GCC_WARN_UNDECLARED_SELECTOR = YES;
				GCC_WARN_UNINITIALIZED_AUTOS = YES_AGGRESSIVE;
				GCC_WARN_UNUSED_FUNCTION = YES;
				GCC_WARN_UNUSED_VARIABLE = YES;
				IPHONEOS_DEPLOYMENT_TARGET = 9.0;
				MTL_ENABLE_DEBUG_INFO = YES;
				ONLY_ACTIVE_ARCH = YES;
				SDKROOT = iphoneos;
			};
			name = Debug;
		};
		DE2ECB332085F8C8009C4B36 /* Release */ = {
			isa = XCBuildConfiguration;
			buildSettings = {
				ALWAYS_SEARCH_USER_PATHS = NO;
				CLANG_ANALYZER_NONNULL = YES;
				CLANG_ANALYZER_NUMBER_OBJECT_CONVERSION = YES_AGGRESSIVE;
				CLANG_CXX_LANGUAGE_STANDARD = "gnu++14";
				CLANG_CXX_LIBRARY = "libc++";
				CLANG_ENABLE_MODULES = YES;
				CLANG_ENABLE_OBJC_ARC = YES;
				CLANG_ENABLE_OBJC_WEAK = YES;
				CLANG_WARN_BLOCK_CAPTURE_AUTORELEASING = YES;
				CLANG_WARN_BOOL_CONVERSION = YES;
				CLANG_WARN_COMMA = YES;
				CLANG_WARN_CONSTANT_CONVERSION = YES;
				CLANG_WARN_DEPRECATED_OBJC_IMPLEMENTATIONS = YES;
				CLANG_WARN_DIRECT_OBJC_ISA_USAGE = YES_ERROR;
				CLANG_WARN_DOCUMENTATION_COMMENTS = YES;
				CLANG_WARN_EMPTY_BODY = YES;
				CLANG_WARN_ENUM_CONVERSION = YES;
				CLANG_WARN_INFINITE_RECURSION = YES;
				CLANG_WARN_INT_CONVERSION = YES;
				CLANG_WARN_NON_LITERAL_NULL_CONVERSION = YES;
				CLANG_WARN_OBJC_IMPLICIT_RETAIN_SELF = YES;
				CLANG_WARN_OBJC_LITERAL_CONVERSION = YES;
				CLANG_WARN_OBJC_ROOT_CLASS = YES_ERROR;
				CLANG_WARN_RANGE_LOOP_ANALYSIS = YES;
				CLANG_WARN_STRICT_PROTOTYPES = YES;
				CLANG_WARN_SUSPICIOUS_MOVE = YES;
				CLANG_WARN_UNGUARDED_AVAILABILITY = YES_AGGRESSIVE;
				CLANG_WARN_UNREACHABLE_CODE = YES;
				CLANG_WARN__DUPLICATE_METHOD_MATCH = YES;
				CODE_SIGN_IDENTITY = "iPhone Developer";
				COPY_PHASE_STRIP = NO;
				DEBUG_INFORMATION_FORMAT = "dwarf-with-dsym";
				ENABLE_NS_ASSERTIONS = NO;
				ENABLE_STRICT_OBJC_MSGSEND = YES;
				GCC_C_LANGUAGE_STANDARD = gnu11;
				GCC_NO_COMMON_BLOCKS = YES;
				GCC_WARN_64_TO_32_BIT_CONVERSION = YES;
				GCC_WARN_ABOUT_RETURN_TYPE = YES_ERROR;
				GCC_WARN_UNDECLARED_SELECTOR = YES;
				GCC_WARN_UNINITIALIZED_AUTOS = YES_AGGRESSIVE;
				GCC_WARN_UNUSED_FUNCTION = YES;
				GCC_WARN_UNUSED_VARIABLE = YES;
				IPHONEOS_DEPLOYMENT_TARGET = 9.0;
				MTL_ENABLE_DEBUG_INFO = NO;
				SDKROOT = iphoneos;
				VALIDATE_PRODUCT = YES;
			};
			name = Release;
		};
		DE2ECB352085F8C8009C4B36 /* Debug */ = {
			isa = XCBuildConfiguration;
			baseConfigurationReference = F0D34EFEE610D4350FAAE4E2 /* Pods-PictureBook.debug.xcconfig */;
			buildSettings = {
				ASSETCATALOG_COMPILER_APPICON_NAME = AppIcon;
				CODE_SIGN_STYLE = Manual;
				DEVELOPMENT_TEAM = 335U7J4U2G;
				GCC_PRECOMPILE_PREFIX_HEADER = YES;
				GCC_PREFIX_HEADER = PictureBook/Classes/Others/PictureBook.pch;
				INFOPLIST_FILE = PictureBook/Info.plist;
				IPHONEOS_DEPLOYMENT_TARGET = 9.0;
				LD_RUNPATH_SEARCH_PATHS = (
					"$(inherited)",
					"@executable_path/Frameworks",
				);
				PRODUCT_BUNDLE_IDENTIFIER = com.zaoliedu.PictureBook;
				PRODUCT_NAME = "$(TARGET_NAME)";
				PROVISIONING_PROFILE = PictureBook;
				TARGETED_DEVICE_FAMILY = "1,2";
			};
			name = Debug;
		};
		DE2ECB362085F8C8009C4B36 /* Release */ = {
			isa = XCBuildConfiguration;
			baseConfigurationReference = DD491A539685A1E99A249E51 /* Pods-PictureBook.release.xcconfig */;
			buildSettings = {
				ASSETCATALOG_COMPILER_APPICON_NAME = AppIcon;
				CODE_SIGN_IDENTITY = "iPhone Distribution";
				CODE_SIGN_STYLE = Manual;
				DEVELOPMENT_TEAM = 335U7J4U2G;
				GCC_PRECOMPILE_PREFIX_HEADER = YES;
				GCC_PREFIX_HEADER = PictureBook/Classes/Others/PictureBook.pch;
				INFOPLIST_FILE = PictureBook/Info.plist;
				IPHONEOS_DEPLOYMENT_TARGET = 9.0;
				LD_RUNPATH_SEARCH_PATHS = (
					"$(inherited)",
					"@executable_path/Frameworks",
				);
				PRODUCT_BUNDLE_IDENTIFIER = com.zaoliedu.PictureBook;
				PRODUCT_NAME = "$(TARGET_NAME)";
				PROVISIONING_PROFILE = "8fc01484-ab7e-4a80-8fea-451dc43069a5";
				PROVISIONING_PROFILE_SPECIFIER = PictureBook;
				TARGETED_DEVICE_FAMILY = "1,2";
			};
			name = Release;
		};
		DE2ECB382085F8C8009C4B36 /* Debug */ = {
			isa = XCBuildConfiguration;
			baseConfigurationReference = B0BFB72C0C40A3DD7965ECAD /* Pods-PictureBookTests.debug.xcconfig */;
			buildSettings = {
				BUNDLE_LOADER = "$(TEST_HOST)";
				CODE_SIGN_STYLE = Automatic;
				DEVELOPMENT_TEAM = 335U7J4U2G;
				INFOPLIST_FILE = PictureBookTests/Info.plist;
				LD_RUNPATH_SEARCH_PATHS = (
					"$(inherited)",
					"@executable_path/Frameworks",
					"@loader_path/Frameworks",
				);
				PRODUCT_BUNDLE_IDENTIFIER = zaoliedu.PictureBookTests;
				PRODUCT_NAME = "$(TARGET_NAME)";
				TARGETED_DEVICE_FAMILY = "1,2";
				TEST_HOST = "$(BUILT_PRODUCTS_DIR)/PictureBook.app/PictureBook";
			};
			name = Debug;
		};
		DE2ECB392085F8C8009C4B36 /* Release */ = {
			isa = XCBuildConfiguration;
			baseConfigurationReference = D59B683B209CC93E753390D7 /* Pods-PictureBookTests.release.xcconfig */;
			buildSettings = {
				BUNDLE_LOADER = "$(TEST_HOST)";
				CODE_SIGN_STYLE = Automatic;
				DEVELOPMENT_TEAM = 335U7J4U2G;
				INFOPLIST_FILE = PictureBookTests/Info.plist;
				LD_RUNPATH_SEARCH_PATHS = (
					"$(inherited)",
					"@executable_path/Frameworks",
					"@loader_path/Frameworks",
				);
				PRODUCT_BUNDLE_IDENTIFIER = zaoliedu.PictureBookTests;
				PRODUCT_NAME = "$(TARGET_NAME)";
				TARGETED_DEVICE_FAMILY = "1,2";
				TEST_HOST = "$(BUILT_PRODUCTS_DIR)/PictureBook.app/PictureBook";
			};
			name = Release;
		};
		DE2ECB3B2085F8C8009C4B36 /* Debug */ = {
			isa = XCBuildConfiguration;
			baseConfigurationReference = AC85C626CEE9381DFF7EB760 /* Pods-PictureBookUITests.debug.xcconfig */;
			buildSettings = {
				CODE_SIGN_STYLE = Automatic;
				DEVELOPMENT_TEAM = 335U7J4U2G;
				INFOPLIST_FILE = PictureBookUITests/Info.plist;
				LD_RUNPATH_SEARCH_PATHS = (
					"$(inherited)",
					"@executable_path/Frameworks",
					"@loader_path/Frameworks",
				);
				PRODUCT_BUNDLE_IDENTIFIER = zaoliedu.PictureBookUITests;
				PRODUCT_NAME = "$(TARGET_NAME)";
				TARGETED_DEVICE_FAMILY = "1,2";
				TEST_TARGET_NAME = PictureBook;
			};
			name = Debug;
		};
		DE2ECB3C2085F8C8009C4B36 /* Release */ = {
			isa = XCBuildConfiguration;
			baseConfigurationReference = 9482C5F2970481BA39743E5C /* Pods-PictureBookUITests.release.xcconfig */;
			buildSettings = {
				CODE_SIGN_STYLE = Automatic;
				DEVELOPMENT_TEAM = 335U7J4U2G;
				INFOPLIST_FILE = PictureBookUITests/Info.plist;
				LD_RUNPATH_SEARCH_PATHS = (
					"$(inherited)",
					"@executable_path/Frameworks",
					"@loader_path/Frameworks",
				);
				PRODUCT_BUNDLE_IDENTIFIER = zaoliedu.PictureBookUITests;
				PRODUCT_NAME = "$(TARGET_NAME)";
				TARGETED_DEVICE_FAMILY = "1,2";
				TEST_TARGET_NAME = PictureBook;
			};
			name = Release;
		};
/* End XCBuildConfiguration section */

/* Begin XCConfigurationList section */
		DE2ECB032085F8C7009C4B36 /* Build configuration list for PBXProject "PictureBook" */ = {
			isa = XCConfigurationList;
			buildConfigurations = (
				DE2ECB322085F8C8009C4B36 /* Debug */,
				DE2ECB332085F8C8009C4B36 /* Release */,
			);
			defaultConfigurationIsVisible = 0;
			defaultConfigurationName = Release;
		};
		DE2ECB342085F8C8009C4B36 /* Build configuration list for PBXNativeTarget "PictureBook" */ = {
			isa = XCConfigurationList;
			buildConfigurations = (
				DE2ECB352085F8C8009C4B36 /* Debug */,
				DE2ECB362085F8C8009C4B36 /* Release */,
			);
			defaultConfigurationIsVisible = 0;
			defaultConfigurationName = Release;
		};
		DE2ECB372085F8C8009C4B36 /* Build configuration list for PBXNativeTarget "PictureBookTests" */ = {
			isa = XCConfigurationList;
			buildConfigurations = (
				DE2ECB382085F8C8009C4B36 /* Debug */,
				DE2ECB392085F8C8009C4B36 /* Release */,
			);
			defaultConfigurationIsVisible = 0;
			defaultConfigurationName = Release;
		};
		DE2ECB3A2085F8C8009C4B36 /* Build configuration list for PBXNativeTarget "PictureBookUITests" */ = {
			isa = XCConfigurationList;
			buildConfigurations = (
				DE2ECB3B2085F8C8009C4B36 /* Debug */,
				DE2ECB3C2085F8C8009C4B36 /* Release */,
			);
			defaultConfigurationIsVisible = 0;
			defaultConfigurationName = Release;
		};
/* End XCConfigurationList section */
	};
	rootObject = DE2ECB002085F8C7009C4B36 /* Project object */;
}
